// !$*UTF8*$!
{
	archiveVersion = 1;
	classes = {
	};
	objectVersion = 48;
	objects = {

/* Begin PBXBuildFile section */
		2D74B8DE1FF040180087C6CF /* HomeController.swift in Sources */ = {isa = PBXBuildFile; fileRef = 2D74B8DD1FF040180087C6CF /* HomeController.swift */; };
		2D74B8E01FF041230087C6CF /* help+extension.swift in Sources */ = {isa = PBXBuildFile; fileRef = 2D74B8DF1FF041230087C6CF /* help+extension.swift */; };
		2D74B8E71FF07E1A0087C6CF /* GalleryController.swift in Sources */ = {isa = PBXBuildFile; fileRef = 2D74B8E61FF07E1A0087C6CF /* GalleryController.swift */; };
		2D74B8E91FF082E10087C6CF /* ContactController.swift in Sources */ = {isa = PBXBuildFile; fileRef = 2D74B8E81FF082E10087C6CF /* ContactController.swift */; };
		2D74B8EC1FF088590087C6CF /* SettingController.swift in Sources */ = {isa = PBXBuildFile; fileRef = 2D74B8EB1FF088590087C6CF /* SettingController.swift */; };
		2D74B8EE1FF0A0090087C6CF /* GallleryCell.swift in Sources */ = {isa = PBXBuildFile; fileRef = 2D74B8ED1FF0A0090087C6CF /* GallleryCell.swift */; };
		2DBB35201FF1B64600942EFA /* GalleryCategoryModel.swift in Sources */ = {isa = PBXBuildFile; fileRef = 2DBB351F1FF1B64600942EFA /* GalleryCategoryModel.swift */; };
		2DBB35221FF86C8100942EFA /* DetailImageController.swift in Sources */ = {isa = PBXBuildFile; fileRef = 2DBB35211FF86C8100942EFA /* DetailImageController.swift */; };
		2DBB35241FF87AA900942EFA /* DetailScrollImageCell.swift in Sources */ = {isa = PBXBuildFile; fileRef = 2DBB35231FF87AA900942EFA /* DetailScrollImageCell.swift */; };
		2DBEE45A1FF9D5D400E8A258 /* MessageDetailController.swift in Sources */ = {isa = PBXBuildFile; fileRef = 2DBEE4591FF9D5D400E8A258 /* MessageDetailController.swift */; };
		2DBEE45C1FF9D9F200E8A258 /* UploadController.swift in Sources */ = {isa = PBXBuildFile; fileRef = 2DBEE45B1FF9D9F200E8A258 /* UploadController.swift */; };
		2DD7D2431FEB4D350034BEC3 /* AppDelegate.swift in Sources */ = {isa = PBXBuildFile; fileRef = 2DD7D2421FEB4D350034BEC3 /* AppDelegate.swift */; };
		2DD7D2451FEB4D350034BEC3 /* LoginViewController.swift in Sources */ = {isa = PBXBuildFile; fileRef = 2DD7D2441FEB4D350034BEC3 /* LoginViewController.swift */; };
		2DD7D2481FEB4D350034BEC3 /* Main.storyboard in Resources */ = {isa = PBXBuildFile; fileRef = 2DD7D2461FEB4D350034BEC3 /* Main.storyboard */; };
		2DD7D24A1FEB4D350034BEC3 /* Assets.xcassets in Resources */ = {isa = PBXBuildFile; fileRef = 2DD7D2491FEB4D350034BEC3 /* Assets.xcassets */; };
		2DD7D24D1FEB4D350034BEC3 /* LaunchScreen.storyboard in Resources */ = {isa = PBXBuildFile; fileRef = 2DD7D24B1FEB4D350034BEC3 /* LaunchScreen.storyboard */; };
		2DD7D2581FEB4D350034BEC3 /* QiChatTests.swift in Sources */ = {isa = PBXBuildFile; fileRef = 2DD7D2571FEB4D350034BEC3 /* QiChatTests.swift */; };
		2DD7D2631FEB4D350034BEC3 /* QiChatUITests.swift in Sources */ = {isa = PBXBuildFile; fileRef = 2DD7D2621FEB4D350034BEC3 /* QiChatUITests.swift */; };
		2DD7D2711FEB6F2C0034BEC3 /* PageCell.swift in Sources */ = {isa = PBXBuildFile; fileRef = 2DD7D2701FEB6F2C0034BEC3 /* PageCell.swift */; };
		2DD7D2731FEB751D0034BEC3 /* PageModel.swift in Sources */ = {isa = PBXBuildFile; fileRef = 2DD7D2721FEB751D0034BEC3 /* PageModel.swift */; };
		2DD7D2751FEF0C1C0034BEC3 /* LoginCell.swift in Sources */ = {isa = PBXBuildFile; fileRef = 2DD7D2741FEF0C1C0034BEC3 /* LoginCell.swift */; };
		2DD7D2771FEF39BB0034BEC3 /* MainController.swift in Sources */ = {isa = PBXBuildFile; fileRef = 2DD7D2761FEF39BB0034BEC3 /* MainController.swift */; };
		B6293E53141873E299A843E8 /* Pods_QiChatUITests.framework in Frameworks */ = {isa = PBXBuildFile; fileRef = 54C0BF645584BAF9CAF4A6DD /* Pods_QiChatUITests.framework */; };
		DD6D666925B61A1F05BAC509 /* Pods_QiChat.framework in Frameworks */ = {isa = PBXBuildFile; fileRef = 972F778DAE05E6416B454300 /* Pods_QiChat.framework */; };
		DFC43BC0A25EE53F5B46DDCE /* Pods_QiChatTests.framework in Frameworks */ = {isa = PBXBuildFile; fileRef = C648EEAAE64BBA3E95D1057F /* Pods_QiChatTests.framework */; };
/* End PBXBuildFile section */

/* Begin PBXContainerItemProxy section */
		2DD7D2541FEB4D350034BEC3 /* PBXContainerItemProxy */ = {
			isa = PBXContainerItemProxy;
			containerPortal = 2DD7D2371FEB4D350034BEC3 /* Project object */;
			proxyType = 1;
			remoteGlobalIDString = 2DD7D23E1FEB4D350034BEC3;
			remoteInfo = QiChat;
		};
		2DD7D25F1FEB4D350034BEC3 /* PBXContainerItemProxy */ = {
			isa = PBXContainerItemProxy;
			containerPortal = 2DD7D2371FEB4D350034BEC3 /* Project object */;
			proxyType = 1;
			remoteGlobalIDString = 2DD7D23E1FEB4D350034BEC3;
			remoteInfo = QiChat;
		};
/* End PBXContainerItemProxy section */

/* Begin PBXFileReference section */
		2AE64427D1D393C7E754701C /* Pods-QiChat.release.xcconfig */ = {isa = PBXFileReference; includeInIndex = 1; lastKnownFileType = text.xcconfig; name = "Pods-QiChat.release.xcconfig"; path = "Pods/Target Support Files/Pods-QiChat/Pods-QiChat.release.xcconfig"; sourceTree = "<group>"; };
		2C28B1F0E752F872D5C54171 /* Pods-QiChatTests.release.xcconfig */ = {isa = PBXFileReference; includeInIndex = 1; lastKnownFileType = text.xcconfig; name = "Pods-QiChatTests.release.xcconfig"; path = "Pods/Target Support Files/Pods-QiChatTests/Pods-QiChatTests.release.xcconfig"; sourceTree = "<group>"; };
		2D74B8DD1FF040180087C6CF /* HomeController.swift */ = {isa = PBXFileReference; lastKnownFileType = sourcecode.swift; path = HomeController.swift; sourceTree = "<group>"; };
		2D74B8DF1FF041230087C6CF /* help+extension.swift */ = {isa = PBXFileReference; lastKnownFileType = sourcecode.swift; path = "help+extension.swift"; sourceTree = "<group>"; };
		2D74B8E11FF066F90087C6CF /* QiChat.entitlements */ = {isa = PBXFileReference; lastKnownFileType = text.plist.entitlements; path = QiChat.entitlements; sourceTree = "<group>"; };
		2D74B8E61FF07E1A0087C6CF /* GalleryController.swift */ = {isa = PBXFileReference; lastKnownFileType = sourcecode.swift; path = GalleryController.swift; sourceTree = "<group>"; };
		2D74B8E81FF082E10087C6CF /* ContactController.swift */ = {isa = PBXFileReference; lastKnownFileType = sourcecode.swift; path = ContactController.swift; sourceTree = "<group>"; };
		2D74B8EB1FF088590087C6CF /* SettingController.swift */ = {isa = PBXFileReference; lastKnownFileType = sourcecode.swift; path = SettingController.swift; sourceTree = "<group>"; };
		2D74B8ED1FF0A0090087C6CF /* GallleryCell.swift */ = {isa = PBXFileReference; lastKnownFileType = sourcecode.swift; path = GallleryCell.swift; sourceTree = "<group>"; };
		2DBB351F1FF1B64600942EFA /* GalleryCategoryModel.swift */ = {isa = PBXFileReference; lastKnownFileType = sourcecode.swift; path = GalleryCategoryModel.swift; sourceTree = "<group>"; };
		2DBB35211FF86C8100942EFA /* DetailImageController.swift */ = {isa = PBXFileReference; lastKnownFileType = sourcecode.swift; path = DetailImageController.swift; sourceTree = "<group>"; };
		2DBB35231FF87AA900942EFA /* DetailScrollImageCell.swift */ = {isa = PBXFileReference; lastKnownFileType = sourcecode.swift; path = DetailScrollImageCell.swift; sourceTree = "<group>"; };
		2DBEE4591FF9D5D400E8A258 /* MessageDetailController.swift */ = {isa = PBXFileReference; lastKnownFileType = sourcecode.swift; path = MessageDetailController.swift; sourceTree = "<group>"; };
		2DBEE45B1FF9D9F200E8A258 /* UploadController.swift */ = {isa = PBXFileReference; lastKnownFileType = sourcecode.swift; path = UploadController.swift; sourceTree = "<group>"; };
		2DD7D23F1FEB4D350034BEC3 /* QiChat.app */ = {isa = PBXFileReference; explicitFileType = wrapper.application; includeInIndex = 0; path = QiChat.app; sourceTree = BUILT_PRODUCTS_DIR; };
		2DD7D2421FEB4D350034BEC3 /* AppDelegate.swift */ = {isa = PBXFileReference; lastKnownFileType = sourcecode.swift; path = AppDelegate.swift; sourceTree = "<group>"; };
		2DD7D2441FEB4D350034BEC3 /* LoginViewController.swift */ = {isa = PBXFileReference; lastKnownFileType = sourcecode.swift; path = LoginViewController.swift; sourceTree = "<group>"; };
		2DD7D2471FEB4D350034BEC3 /* Base */ = {isa = PBXFileReference; lastKnownFileType = file.storyboard; name = Base; path = Base.lproj/Main.storyboard; sourceTree = "<group>"; };
		2DD7D2491FEB4D350034BEC3 /* Assets.xcassets */ = {isa = PBXFileReference; lastKnownFileType = folder.assetcatalog; path = Assets.xcassets; sourceTree = "<group>"; };
		2DD7D24C1FEB4D350034BEC3 /* Base */ = {isa = PBXFileReference; lastKnownFileType = file.storyboard; name = Base; path = Base.lproj/LaunchScreen.storyboard; sourceTree = "<group>"; };
		2DD7D24E1FEB4D350034BEC3 /* Info.plist */ = {isa = PBXFileReference; lastKnownFileType = text.plist.xml; path = Info.plist; sourceTree = "<group>"; };
		2DD7D2531FEB4D350034BEC3 /* QiChatTests.xctest */ = {isa = PBXFileReference; explicitFileType = wrapper.cfbundle; includeInIndex = 0; path = QiChatTests.xctest; sourceTree = BUILT_PRODUCTS_DIR; };
		2DD7D2571FEB4D350034BEC3 /* QiChatTests.swift */ = {isa = PBXFileReference; lastKnownFileType = sourcecode.swift; path = QiChatTests.swift; sourceTree = "<group>"; };
		2DD7D2591FEB4D350034BEC3 /* Info.plist */ = {isa = PBXFileReference; lastKnownFileType = text.plist.xml; path = Info.plist; sourceTree = "<group>"; };
		2DD7D25E1FEB4D350034BEC3 /* QiChatUITests.xctest */ = {isa = PBXFileReference; explicitFileType = wrapper.cfbundle; includeInIndex = 0; path = QiChatUITests.xctest; sourceTree = BUILT_PRODUCTS_DIR; };
		2DD7D2621FEB4D350034BEC3 /* QiChatUITests.swift */ = {isa = PBXFileReference; lastKnownFileType = sourcecode.swift; path = QiChatUITests.swift; sourceTree = "<group>"; };
		2DD7D2641FEB4D350034BEC3 /* Info.plist */ = {isa = PBXFileReference; lastKnownFileType = text.plist.xml; path = Info.plist; sourceTree = "<group>"; };
		2DD7D2701FEB6F2C0034BEC3 /* PageCell.swift */ = {isa = PBXFileReference; lastKnownFileType = sourcecode.swift; path = PageCell.swift; sourceTree = "<group>"; };
		2DD7D2721FEB751D0034BEC3 /* PageModel.swift */ = {isa = PBXFileReference; lastKnownFileType = sourcecode.swift; path = PageModel.swift; sourceTree = "<group>"; };
		2DD7D2741FEF0C1C0034BEC3 /* LoginCell.swift */ = {isa = PBXFileReference; lastKnownFileType = sourcecode.swift; path = LoginCell.swift; sourceTree = "<group>"; };
		2DD7D2761FEF39BB0034BEC3 /* MainController.swift */ = {isa = PBXFileReference; lastKnownFileType = sourcecode.swift; path = MainController.swift; sourceTree = "<group>"; };
		54C0BF645584BAF9CAF4A6DD /* Pods_QiChatUITests.framework */ = {isa = PBXFileReference; explicitFileType = wrapper.framework; includeInIndex = 0; path = Pods_QiChatUITests.framework; sourceTree = BUILT_PRODUCTS_DIR; };
		96B6616D598D8FE198E6967B /* Pods-QiChatTests.debug.xcconfig */ = {isa = PBXFileReference; includeInIndex = 1; lastKnownFileType = text.xcconfig; name = "Pods-QiChatTests.debug.xcconfig"; path = "Pods/Target Support Files/Pods-QiChatTests/Pods-QiChatTests.debug.xcconfig"; sourceTree = "<group>"; };
		972F778DAE05E6416B454300 /* Pods_QiChat.framework */ = {isa = PBXFileReference; explicitFileType = wrapper.framework; includeInIndex = 0; path = Pods_QiChat.framework; sourceTree = BUILT_PRODUCTS_DIR; };
		9FCAF4199E267FA663B3EEB8 /* Pods-QiChatUITests.release.xcconfig */ = {isa = PBXFileReference; includeInIndex = 1; lastKnownFileType = text.xcconfig; name = "Pods-QiChatUITests.release.xcconfig"; path = "Pods/Target Support Files/Pods-QiChatUITests/Pods-QiChatUITests.release.xcconfig"; sourceTree = "<group>"; };
		C648EEAAE64BBA3E95D1057F /* Pods_QiChatTests.framework */ = {isa = PBXFileReference; explicitFileType = wrapper.framework; includeInIndex = 0; path = Pods_QiChatTests.framework; sourceTree = BUILT_PRODUCTS_DIR; };
		C78C9314A46B42F24A7AF93C /* Pods-QiChat.debug.xcconfig */ = {isa = PBXFileReference; includeInIndex = 1; lastKnownFileType = text.xcconfig; name = "Pods-QiChat.debug.xcconfig"; path = "Pods/Target Support Files/Pods-QiChat/Pods-QiChat.debug.xcconfig"; sourceTree = "<group>"; };
		EC0624139873612F23E05802 /* Pods-QiChatUITests.debug.xcconfig */ = {isa = PBXFileReference; includeInIndex = 1; lastKnownFileType = text.xcconfig; name = "Pods-QiChatUITests.debug.xcconfig"; path = "Pods/Target Support Files/Pods-QiChatUITests/Pods-QiChatUITests.debug.xcconfig"; sourceTree = "<group>"; };
/* End PBXFileReference section */

/* Begin PBXFrameworksBuildPhase section */
		2DD7D23C1FEB4D350034BEC3 /* Frameworks */ = {
			isa = PBXFrameworksBuildPhase;
			buildActionMask = 2147483647;
			files = (
				DD6D666925B61A1F05BAC509 /* Pods_QiChat.framework in Frameworks */,
			);
			runOnlyForDeploymentPostprocessing = 0;
		};
		2DD7D2501FEB4D350034BEC3 /* Frameworks */ = {
			isa = PBXFrameworksBuildPhase;
			buildActionMask = 2147483647;
			files = (
				DFC43BC0A25EE53F5B46DDCE /* Pods_QiChatTests.framework in Frameworks */,
			);
			runOnlyForDeploymentPostprocessing = 0;
		};
		2DD7D25B1FEB4D350034BEC3 /* Frameworks */ = {
			isa = PBXFrameworksBuildPhase;
			buildActionMask = 2147483647;
			files = (
				B6293E53141873E299A843E8 /* Pods_QiChatUITests.framework in Frameworks */,
			);
			runOnlyForDeploymentPostprocessing = 0;
		};
/* End PBXFrameworksBuildPhase section */

/* Begin PBXGroup section */
		2D74B8E21FF06D510087C6CF /* Model */ = {
			isa = PBXGroup;
			children = (
				2DD7D2721FEB751D0034BEC3 /* PageModel.swift */,
			);
			path = Model;
			sourceTree = "<group>";
		};
		2D74B8E31FF06D650087C6CF /* Helpers */ = {
			isa = PBXGroup;
			children = (
				2D74B8DF1FF041230087C6CF /* help+extension.swift */,
			);
			path = Helpers;
			sourceTree = "<group>";
		};
		2D74B8E41FF06D740087C6CF /* Controller */ = {
			isa = PBXGroup;
			children = (
				2DD7D2761FEF39BB0034BEC3 /* MainController.swift */,
				2DD7D2441FEB4D350034BEC3 /* LoginViewController.swift */,
				2D74B8DD1FF040180087C6CF /* HomeController.swift */,
				2D74B8EA1FF083070087C6CF /* TapControllers */,
			);
			path = Controller;
			sourceTree = "<group>";
		};
		2D74B8E51FF06D8E0087C6CF /* View */ = {
			isa = PBXGroup;
			children = (
				2DD7D2701FEB6F2C0034BEC3 /* PageCell.swift */,
				2DD7D2741FEF0C1C0034BEC3 /* LoginCell.swift */,
			);
			path = View;
			sourceTree = "<group>";
		};
		2D74B8EA1FF083070087C6CF /* TapControllers */ = {
			isa = PBXGroup;
			children = (
				2DBB35251FF9B6FF00942EFA /* Home Tap */,
				2DBB35261FF9C9DE00942EFA /* Contact Tap */,
				2D74B8EB1FF088590087C6CF /* SettingController.swift */,
				2DBEE45B1FF9D9F200E8A258 /* UploadController.swift */,
			);
			path = TapControllers;
			sourceTree = "<group>";
		};
		2DBB35251FF9B6FF00942EFA /* Home Tap */ = {
			isa = PBXGroup;
			children = (
				2D74B8E61FF07E1A0087C6CF /* GalleryController.swift */,
				2D74B8ED1FF0A0090087C6CF /* GallleryCell.swift */,
				2DBB351F1FF1B64600942EFA /* GalleryCategoryModel.swift */,
				2DBB35211FF86C8100942EFA /* DetailImageController.swift */,
				2DBB35231FF87AA900942EFA /* DetailScrollImageCell.swift */,
			);
			path = "Home Tap";
			sourceTree = "<group>";
		};
		2DBB35261FF9C9DE00942EFA /* Contact Tap */ = {
			isa = PBXGroup;
			children = (
				2D74B8E81FF082E10087C6CF /* ContactController.swift */,
				2DBEE4591FF9D5D400E8A258 /* MessageDetailController.swift */,
			);
			path = "Contact Tap";
			sourceTree = "<group>";
		};
		2DD7D2361FEB4D350034BEC3 = {
			isa = PBXGroup;
			children = (
				2DD7D2411FEB4D350034BEC3 /* QiChat */,
				2DD7D2561FEB4D350034BEC3 /* QiChatTests */,
				2DD7D2611FEB4D350034BEC3 /* QiChatUITests */,
				2DD7D2401FEB4D350034BEC3 /* Products */,
				410C597D8F159D696D177BC0 /* Pods */,
				5F5C614388338B120FAE9F32 /* Frameworks */,
			);
			sourceTree = "<group>";
		};
		2DD7D2401FEB4D350034BEC3 /* Products */ = {
			isa = PBXGroup;
			children = (
				2DD7D23F1FEB4D350034BEC3 /* QiChat.app */,
				2DD7D2531FEB4D350034BEC3 /* QiChatTests.xctest */,
				2DD7D25E1FEB4D350034BEC3 /* QiChatUITests.xctest */,
			);
			name = Products;
			sourceTree = "<group>";
		};
		2DD7D2411FEB4D350034BEC3 /* QiChat */ = {
			isa = PBXGroup;
			children = (
				2D74B8E11FF066F90087C6CF /* QiChat.entitlements */,
				2DD7D2421FEB4D350034BEC3 /* AppDelegate.swift */,
				2D74B8E31FF06D650087C6CF /* Helpers */,
				2D74B8E41FF06D740087C6CF /* Controller */,
				2D74B8E51FF06D8E0087C6CF /* View */,
				2D74B8E21FF06D510087C6CF /* Model */,
				2DD7D2461FEB4D350034BEC3 /* Main.storyboard */,
				2DD7D2491FEB4D350034BEC3 /* Assets.xcassets */,
				2DD7D24B1FEB4D350034BEC3 /* LaunchScreen.storyboard */,
				2DD7D24E1FEB4D350034BEC3 /* Info.plist */,
			);
			path = QiChat;
			sourceTree = "<group>";
		};
		2DD7D2561FEB4D350034BEC3 /* QiChatTests */ = {
			isa = PBXGroup;
			children = (
				2DD7D2571FEB4D350034BEC3 /* QiChatTests.swift */,
				2DD7D2591FEB4D350034BEC3 /* Info.plist */,
			);
			path = QiChatTests;
			sourceTree = "<group>";
		};
		2DD7D2611FEB4D350034BEC3 /* QiChatUITests */ = {
			isa = PBXGroup;
			children = (
				2DD7D2621FEB4D350034BEC3 /* QiChatUITests.swift */,
				2DD7D2641FEB4D350034BEC3 /* Info.plist */,
			);
			path = QiChatUITests;
			sourceTree = "<group>";
		};
		410C597D8F159D696D177BC0 /* Pods */ = {
			isa = PBXGroup;
			children = (
				C78C9314A46B42F24A7AF93C /* Pods-QiChat.debug.xcconfig */,
				2AE64427D1D393C7E754701C /* Pods-QiChat.release.xcconfig */,
				96B6616D598D8FE198E6967B /* Pods-QiChatTests.debug.xcconfig */,
				2C28B1F0E752F872D5C54171 /* Pods-QiChatTests.release.xcconfig */,
				EC0624139873612F23E05802 /* Pods-QiChatUITests.debug.xcconfig */,
				9FCAF4199E267FA663B3EEB8 /* Pods-QiChatUITests.release.xcconfig */,
			);
			name = Pods;
			sourceTree = "<group>";
		};
		5F5C614388338B120FAE9F32 /* Frameworks */ = {
			isa = PBXGroup;
			children = (
				972F778DAE05E6416B454300 /* Pods_QiChat.framework */,
				C648EEAAE64BBA3E95D1057F /* Pods_QiChatTests.framework */,
				54C0BF645584BAF9CAF4A6DD /* Pods_QiChatUITests.framework */,
			);
			name = Frameworks;
			sourceTree = "<group>";
		};
/* End PBXGroup section */

/* Begin PBXNativeTarget section */
		2DD7D23E1FEB4D350034BEC3 /* QiChat */ = {
			isa = PBXNativeTarget;
			buildConfigurationList = 2DD7D2671FEB4D350034BEC3 /* Build configuration list for PBXNativeTarget "QiChat" */;
			buildPhases = (
				D72C9347F73E8C20CEA7B7E1 /* [CP] Check Pods Manifest.lock */,
				2DD7D23B1FEB4D350034BEC3 /* Sources */,
				2DD7D23C1FEB4D350034BEC3 /* Frameworks */,
				2DD7D23D1FEB4D350034BEC3 /* Resources */,
				969C8177DED35C25B40DE654 /* [CP] Embed Pods Frameworks */,
				DC859F4A88976F0ACE00C7ED /* [CP] Copy Pods Resources */,
			);
			buildRules = (
			);
			dependencies = (
			);
			name = QiChat;
			productName = QiChat;
			productReference = 2DD7D23F1FEB4D350034BEC3 /* QiChat.app */;
			productType = "com.apple.product-type.application";
		};
		2DD7D2521FEB4D350034BEC3 /* QiChatTests */ = {
			isa = PBXNativeTarget;
			buildConfigurationList = 2DD7D26A1FEB4D350034BEC3 /* Build configuration list for PBXNativeTarget "QiChatTests" */;
			buildPhases = (
				7CAFB0C12381AF5757C0AAB3 /* [CP] Check Pods Manifest.lock */,
				2DD7D24F1FEB4D350034BEC3 /* Sources */,
				2DD7D2501FEB4D350034BEC3 /* Frameworks */,
				2DD7D2511FEB4D350034BEC3 /* Resources */,
				89B7769FB164F0428665D42B /* [CP] Embed Pods Frameworks */,
				B4C9E8FF5710E3B5BE45333C /* [CP] Copy Pods Resources */,
			);
			buildRules = (
			);
			dependencies = (
				2DD7D2551FEB4D350034BEC3 /* PBXTargetDependency */,
			);
			name = QiChatTests;
			productName = QiChatTests;
			productReference = 2DD7D2531FEB4D350034BEC3 /* QiChatTests.xctest */;
			productType = "com.apple.product-type.bundle.unit-test";
		};
		2DD7D25D1FEB4D350034BEC3 /* QiChatUITests */ = {
			isa = PBXNativeTarget;
			buildConfigurationList = 2DD7D26D1FEB4D350034BEC3 /* Build configuration list for PBXNativeTarget "QiChatUITests" */;
			buildPhases = (
				CE0E4CB824B3244EFB5981C5 /* [CP] Check Pods Manifest.lock */,
				2DD7D25A1FEB4D350034BEC3 /* Sources */,
				2DD7D25B1FEB4D350034BEC3 /* Frameworks */,
				2DD7D25C1FEB4D350034BEC3 /* Resources */,
				BB055B31BD136EE5502A8642 /* [CP] Embed Pods Frameworks */,
				A356424E813C034C6D9362EF /* [CP] Copy Pods Resources */,
			);
			buildRules = (
			);
			dependencies = (
				2DD7D2601FEB4D350034BEC3 /* PBXTargetDependency */,
			);
			name = QiChatUITests;
			productName = QiChatUITests;
			productReference = 2DD7D25E1FEB4D350034BEC3 /* QiChatUITests.xctest */;
			productType = "com.apple.product-type.bundle.ui-testing";
		};
/* End PBXNativeTarget section */

/* Begin PBXProject section */
		2DD7D2371FEB4D350034BEC3 /* Project object */ = {
			isa = PBXProject;
			attributes = {
				LastSwiftUpdateCheck = 0920;
				LastUpgradeCheck = 0920;
				ORGANIZATIONNAME = "Qiqi He";
				TargetAttributes = {
					2DD7D23E1FEB4D350034BEC3 = {
						CreatedOnToolsVersion = 9.2;
						ProvisioningStyle = Automatic;
						SystemCapabilities = {
							com.apple.Keychain = {
								enabled = 0;
							};
						};
					};
					2DD7D2521FEB4D350034BEC3 = {
						CreatedOnToolsVersion = 9.2;
						ProvisioningStyle = Automatic;
						TestTargetID = 2DD7D23E1FEB4D350034BEC3;
					};
					2DD7D25D1FEB4D350034BEC3 = {
						CreatedOnToolsVersion = 9.2;
						ProvisioningStyle = Automatic;
						TestTargetID = 2DD7D23E1FEB4D350034BEC3;
					};
				};
			};
			buildConfigurationList = 2DD7D23A1FEB4D350034BEC3 /* Build configuration list for PBXProject "QiChat" */;
			compatibilityVersion = "Xcode 8.0";
			developmentRegion = en;
			hasScannedForEncodings = 0;
			knownRegions = (
				en,
				Base,
			);
			mainGroup = 2DD7D2361FEB4D350034BEC3;
			productRefGroup = 2DD7D2401FEB4D350034BEC3 /* Products */;
			projectDirPath = "";
			projectRoot = "";
			targets = (
				2DD7D23E1FEB4D350034BEC3 /* QiChat */,
				2DD7D2521FEB4D350034BEC3 /* QiChatTests */,
				2DD7D25D1FEB4D350034BEC3 /* QiChatUITests */,
			);
		};
/* End PBXProject section */

/* Begin PBXResourcesBuildPhase section */
		2DD7D23D1FEB4D350034BEC3 /* Resources */ = {
			isa = PBXResourcesBuildPhase;
			buildActionMask = 2147483647;
			files = (
				2DD7D24D1FEB4D350034BEC3 /* LaunchScreen.storyboard in Resources */,
				2DD7D24A1FEB4D350034BEC3 /* Assets.xcassets in Resources */,
				2DD7D2481FEB4D350034BEC3 /* Main.storyboard in Resources */,
			);
			runOnlyForDeploymentPostprocessing = 0;
		};
		2DD7D2511FEB4D350034BEC3 /* Resources */ = {
			isa = PBXResourcesBuildPhase;
			buildActionMask = 2147483647;
			files = (
			);
			runOnlyForDeploymentPostprocessing = 0;
		};
		2DD7D25C1FEB4D350034BEC3 /* Resources */ = {
			isa = PBXResourcesBuildPhase;
			buildActionMask = 2147483647;
			files = (
			);
			runOnlyForDeploymentPostprocessing = 0;
		};
/* End PBXResourcesBuildPhase section */

/* Begin PBXShellScriptBuildPhase section */
		7CAFB0C12381AF5757C0AAB3 /* [CP] Check Pods Manifest.lock */ = {
			isa = PBXShellScriptBuildPhase;
			buildActionMask = 2147483647;
			files = (
			);
			inputPaths = (
				"${PODS_PODFILE_DIR_PATH}/Podfile.lock",
				"${PODS_ROOT}/Manifest.lock",
			);
			name = "[CP] Check Pods Manifest.lock";
			outputPaths = (
				"$(DERIVED_FILE_DIR)/Pods-QiChatTests-checkManifestLockResult.txt",
			);
			runOnlyForDeploymentPostprocessing = 0;
			shellPath = /bin/sh;
			shellScript = "diff \"${PODS_PODFILE_DIR_PATH}/Podfile.lock\" \"${PODS_ROOT}/Manifest.lock\" > /dev/null\nif [ $? != 0 ] ; then\n    # print error to STDERR\n    echo \"error: The sandbox is not in sync with the Podfile.lock. Run 'pod install' or update your CocoaPods installation.\" >&2\n    exit 1\nfi\n# This output is used by Xcode 'outputs' to avoid re-running this script phase.\necho \"SUCCESS\" > \"${SCRIPT_OUTPUT_FILE_0}\"\n";
			showEnvVarsInLog = 0;
		};
		89B7769FB164F0428665D42B /* [CP] Embed Pods Frameworks */ = {
			isa = PBXShellScriptBuildPhase;
			buildActionMask = 2147483647;
			files = (
			);
			inputPaths = (
			);
			name = "[CP] Embed Pods Frameworks";
			outputPaths = (
			);
			runOnlyForDeploymentPostprocessing = 0;
			shellPath = /bin/sh;
			shellScript = "\"${SRCROOT}/Pods/Target Support Files/Pods-QiChatTests/Pods-QiChatTests-frameworks.sh\"\n";
			showEnvVarsInLog = 0;
		};
		969C8177DED35C25B40DE654 /* [CP] Embed Pods Frameworks */ = {
			isa = PBXShellScriptBuildPhase;
			buildActionMask = 2147483647;
			files = (
			);
			inputPaths = (
				"${SRCROOT}/Pods/Target Support Files/Pods-QiChat/Pods-QiChat-frameworks.sh",
				"${BUILT_PRODUCTS_DIR}/Bolts/Bolts.framework",
				"${BUILT_PRODUCTS_DIR}/FBSDKCoreKit/FBSDKCoreKit.framework",
				"${BUILT_PRODUCTS_DIR}/FBSDKLoginKit/FBSDKLoginKit.framework",
				"${BUILT_PRODUCTS_DIR}/FBSDKShareKit/FBSDKShareKit.framework",
			);
			name = "[CP] Embed Pods Frameworks";
			outputPaths = (
				"${TARGET_BUILD_DIR}/${FRAMEWORKS_FOLDER_PATH}/Bolts.framework",
				"${TARGET_BUILD_DIR}/${FRAMEWORKS_FOLDER_PATH}/FBSDKCoreKit.framework",
				"${TARGET_BUILD_DIR}/${FRAMEWORKS_FOLDER_PATH}/FBSDKLoginKit.framework",
				"${TARGET_BUILD_DIR}/${FRAMEWORKS_FOLDER_PATH}/FBSDKShareKit.framework",
			);
			runOnlyForDeploymentPostprocessing = 0;
			shellPath = /bin/sh;
			shellScript = "\"${SRCROOT}/Pods/Target Support Files/Pods-QiChat/Pods-QiChat-frameworks.sh\"\n";
			showEnvVarsInLog = 0;
		};
		A356424E813C034C6D9362EF /* [CP] Copy Pods Resources */ = {
			isa = PBXShellScriptBuildPhase;
			buildActionMask = 2147483647;
			files = (
			);
			inputPaths = (
			);
			name = "[CP] Copy Pods Resources";
			outputPaths = (
			);
			runOnlyForDeploymentPostprocessing = 0;
			shellPath = /bin/sh;
			shellScript = "\"${SRCROOT}/Pods/Target Support Files/Pods-QiChatUITests/Pods-QiChatUITests-resources.sh\"\n";
			showEnvVarsInLog = 0;
		};
		B4C9E8FF5710E3B5BE45333C /* [CP] Copy Pods Resources */ = {
			isa = PBXShellScriptBuildPhase;
			buildActionMask = 2147483647;
			files = (
			);
			inputPaths = (
			);
			name = "[CP] Copy Pods Resources";
			outputPaths = (
			);
			runOnlyForDeploymentPostprocessing = 0;
			shellPath = /bin/sh;
			shellScript = "\"${SRCROOT}/Pods/Target Support Files/Pods-QiChatTests/Pods-QiChatTests-resources.sh\"\n";
			showEnvVarsInLog = 0;
		};
		BB055B31BD136EE5502A8642 /* [CP] Embed Pods Frameworks */ = {
			isa = PBXShellScriptBuildPhase;
			buildActionMask = 2147483647;
			files = (
			);
			inputPaths = (
			);
			name = "[CP] Embed Pods Frameworks";
			outputPaths = (
			);
			runOnlyForDeploymentPostprocessing = 0;
			shellPath = /bin/sh;
			shellScript = "\"${SRCROOT}/Pods/Target Support Files/Pods-QiChatUITests/Pods-QiChatUITests-frameworks.sh\"\n";
			showEnvVarsInLog = 0;
		};
		CE0E4CB824B3244EFB5981C5 /* [CP] Check Pods Manifest.lock */ = {
			isa = PBXShellScriptBuildPhase;
			buildActionMask = 2147483647;
			files = (
			);
			inputPaths = (
				"${PODS_PODFILE_DIR_PATH}/Podfile.lock",
				"${PODS_ROOT}/Manifest.lock",
			);
			name = "[CP] Check Pods Manifest.lock";
			outputPaths = (
				"$(DERIVED_FILE_DIR)/Pods-QiChatUITests-checkManifestLockResult.txt",
			);
			runOnlyForDeploymentPostprocessing = 0;
			shellPath = /bin/sh;
			shellScript = "diff \"${PODS_PODFILE_DIR_PATH}/Podfile.lock\" \"${PODS_ROOT}/Manifest.lock\" > /dev/null\nif [ $? != 0 ] ; then\n    # print error to STDERR\n    echo \"error: The sandbox is not in sync with the Podfile.lock. Run 'pod install' or update your CocoaPods installation.\" >&2\n    exit 1\nfi\n# This output is used by Xcode 'outputs' to avoid re-running this script phase.\necho \"SUCCESS\" > \"${SCRIPT_OUTPUT_FILE_0}\"\n";
			showEnvVarsInLog = 0;
		};
		D72C9347F73E8C20CEA7B7E1 /* [CP] Check Pods Manifest.lock */ = {
			isa = PBXShellScriptBuildPhase;
			buildActionMask = 2147483647;
			files = (
			);
			inputPaths = (
				"${PODS_PODFILE_DIR_PATH}/Podfile.lock",
				"${PODS_ROOT}/Manifest.lock",
			);
			name = "[CP] Check Pods Manifest.lock";
			outputPaths = (
				"$(DERIVED_FILE_DIR)/Pods-QiChat-checkManifestLockResult.txt",
			);
			runOnlyForDeploymentPostprocessing = 0;
			shellPath = /bin/sh;
			shellScript = "diff \"${PODS_PODFILE_DIR_PATH}/Podfile.lock\" \"${PODS_ROOT}/Manifest.lock\" > /dev/null\nif [ $? != 0 ] ; then\n    # print error to STDERR\n    echo \"error: The sandbox is not in sync with the Podfile.lock. Run 'pod install' or update your CocoaPods installation.\" >&2\n    exit 1\nfi\n# This output is used by Xcode 'outputs' to avoid re-running this script phase.\necho \"SUCCESS\" > \"${SCRIPT_OUTPUT_FILE_0}\"\n";
			showEnvVarsInLog = 0;
		};
		DC859F4A88976F0ACE00C7ED /* [CP] Copy Pods Resources */ = {
			isa = PBXShellScriptBuildPhase;
			buildActionMask = 2147483647;
			files = (
			);
			inputPaths = (
				"${SRCROOT}/Pods/Target Support Files/Pods-QiChat/Pods-QiChat-resources.sh",
				"${PODS_ROOT}/GoogleMaps/Maps/Frameworks/GoogleMaps.framework/Resources/GoogleMaps.bundle",
				"${PODS_ROOT}/GooglePlaces/Frameworks/GooglePlaces.framework/Resources/GooglePlaces.bundle",
			);
			name = "[CP] Copy Pods Resources";
			outputPaths = (
				"${TARGET_BUILD_DIR}/${UNLOCALIZED_RESOURCES_FOLDER_PATH}",
			);
			runOnlyForDeploymentPostprocessing = 0;
			shellPath = /bin/sh;
			shellScript = "\"${SRCROOT}/Pods/Target Support Files/Pods-QiChat/Pods-QiChat-resources.sh\"\n";
			showEnvVarsInLog = 0;
		};
/* End PBXShellScriptBuildPhase section */

/* Begin PBXSourcesBuildPhase section */
		2DD7D23B1FEB4D350034BEC3 /* Sources */ = {
			isa = PBXSourcesBuildPhase;
			buildActionMask = 2147483647;
			files = (
				2DBEE45C1FF9D9F200E8A258 /* UploadController.swift in Sources */,
				2DBB35201FF1B64600942EFA /* GalleryCategoryModel.swift in Sources */,
				2D74B8E01FF041230087C6CF /* help+extension.swift in Sources */,
				2D74B8EE1FF0A0090087C6CF /* GallleryCell.swift in Sources */,
				2DD7D2731FEB751D0034BEC3 /* PageModel.swift in Sources */,
				2DBEE45A1FF9D5D400E8A258 /* MessageDetailController.swift in Sources */,
				2DD7D2451FEB4D350034BEC3 /* LoginViewController.swift in Sources */,
				2D74B8E71FF07E1A0087C6CF /* GalleryController.swift in Sources */,
				2D74B8DE1FF040180087C6CF /* HomeController.swift in Sources */,
				2DD7D2751FEF0C1C0034BEC3 /* LoginCell.swift in Sources */,
				2D74B8E91FF082E10087C6CF /* ContactController.swift in Sources */,
				2DD7D2431FEB4D350034BEC3 /* AppDelegate.swift in Sources */,
				2DBB35221FF86C8100942EFA /* DetailImageController.swift in Sources */,
				2DBB35241FF87AA900942EFA /* DetailScrollImageCell.swift in Sources */,
				2D74B8EC1FF088590087C6CF /* SettingController.swift in Sources */,
				2DD7D2771FEF39BB0034BEC3 /* MainController.swift in Sources */,
				2DD7D2711FEB6F2C0034BEC3 /* PageCell.swift in Sources */,
			);
			runOnlyForDeploymentPostprocessing = 0;
		};
		2DD7D24F1FEB4D350034BEC3 /* Sources */ = {
			isa = PBXSourcesBuildPhase;
			buildActionMask = 2147483647;
			files = (
				2DD7D2581FEB4D350034BEC3 /* QiChatTests.swift in Sources */,
			);
			runOnlyForDeploymentPostprocessing = 0;
		};
		2DD7D25A1FEB4D350034BEC3 /* Sources */ = {
			isa = PBXSourcesBuildPhase;
			buildActionMask = 2147483647;
			files = (
				2DD7D2631FEB4D350034BEC3 /* QiChatUITests.swift in Sources */,
			);
			runOnlyForDeploymentPostprocessing = 0;
		};
/* End PBXSourcesBuildPhase section */

/* Begin PBXTargetDependency section */
		2DD7D2551FEB4D350034BEC3 /* PBXTargetDependency */ = {
			isa = PBXTargetDependency;
			target = 2DD7D23E1FEB4D350034BEC3 /* QiChat */;
			targetProxy = 2DD7D2541FEB4D350034BEC3 /* PBXContainerItemProxy */;
		};
		2DD7D2601FEB4D350034BEC3 /* PBXTargetDependency */ = {
			isa = PBXTargetDependency;
			target = 2DD7D23E1FEB4D350034BEC3 /* QiChat */;
			targetProxy = 2DD7D25F1FEB4D350034BEC3 /* PBXContainerItemProxy */;
		};
/* End PBXTargetDependency section */

/* Begin PBXVariantGroup section */
		2DD7D2461FEB4D350034BEC3 /* Main.storyboard */ = {
			isa = PBXVariantGroup;
			children = (
				2DD7D2471FEB4D350034BEC3 /* Base */,
			);
			name = Main.storyboard;
			sourceTree = "<group>";
		};
		2DD7D24B1FEB4D350034BEC3 /* LaunchScreen.storyboard */ = {
			isa = PBXVariantGroup;
			children = (
				2DD7D24C1FEB4D350034BEC3 /* Base */,
			);
			name = LaunchScreen.storyboard;
			sourceTree = "<group>";
		};
/* End PBXVariantGroup section */

/* Begin XCBuildConfiguration section */
		2DD7D2651FEB4D350034BEC3 /* Debug */ = {
			isa = XCBuildConfiguration;
			buildSettings = {
				ALWAYS_SEARCH_USER_PATHS = NO;
				CLANG_ANALYZER_NONNULL = YES;
				CLANG_ANALYZER_NUMBER_OBJECT_CONVERSION = YES_AGGRESSIVE;
				CLANG_CXX_LANGUAGE_STANDARD = "gnu++14";
				CLANG_CXX_LIBRARY = "libc++";
				CLANG_ENABLE_MODULES = YES;
				CLANG_ENABLE_OBJC_ARC = YES;
				CLANG_WARN_BLOCK_CAPTURE_AUTORELEASING = YES;
				CLANG_WARN_BOOL_CONVERSION = YES;
				CLANG_WARN_COMMA = YES;
				CLANG_WARN_CONSTANT_CONVERSION = YES;
				CLANG_WARN_DIRECT_OBJC_ISA_USAGE = YES_ERROR;
				CLANG_WARN_DOCUMENTATION_COMMENTS = YES;
				CLANG_WARN_EMPTY_BODY = YES;
				CLANG_WARN_ENUM_CONVERSION = YES;
				CLANG_WARN_INFINITE_RECURSION = YES;
				CLANG_WARN_INT_CONVERSION = YES;
				CLANG_WARN_NON_LITERAL_NULL_CONVERSION = YES;
				CLANG_WARN_OBJC_LITERAL_CONVERSION = YES;
				CLANG_WARN_OBJC_ROOT_CLASS = YES_ERROR;
				CLANG_WARN_RANGE_LOOP_ANALYSIS = YES;
				CLANG_WARN_STRICT_PROTOTYPES = NO;
				CLANG_WARN_SUSPICIOUS_MOVE = YES;
				CLANG_WARN_UNGUARDED_AVAILABILITY = YES_AGGRESSIVE;
				CLANG_WARN_UNREACHABLE_CODE = YES;
				CLANG_WARN__DUPLICATE_METHOD_MATCH = YES;
				CODE_SIGN_IDENTITY = "iPhone Developer";
				COPY_PHASE_STRIP = NO;
				DEBUG_INFORMATION_FORMAT = dwarf;
				ENABLE_STRICT_OBJC_MSGSEND = YES;
				ENABLE_TESTABILITY = YES;
				GCC_C_LANGUAGE_STANDARD = gnu11;
				GCC_DYNAMIC_NO_PIC = NO;
				GCC_NO_COMMON_BLOCKS = YES;
				GCC_OPTIMIZATION_LEVEL = 0;
				GCC_PREPROCESSOR_DEFINITIONS = (
					"DEBUG=1",
					"$(inherited)",
				);
				GCC_WARN_64_TO_32_BIT_CONVERSION = YES;
				GCC_WARN_ABOUT_RETURN_TYPE = YES_ERROR;
				GCC_WARN_UNDECLARED_SELECTOR = YES;
				GCC_WARN_UNINITIALIZED_AUTOS = YES_AGGRESSIVE;
				GCC_WARN_UNUSED_FUNCTION = YES;
				GCC_WARN_UNUSED_VARIABLE = YES;
				IPHONEOS_DEPLOYMENT_TARGET = 11.2;
				MTL_ENABLE_DEBUG_INFO = YES;
				ONLY_ACTIVE_ARCH = YES;
				SDKROOT = iphoneos;
				SWIFT_ACTIVE_COMPILATION_CONDITIONS = DEBUG;
				SWIFT_OPTIMIZATION_LEVEL = "-Onone";
			};
			name = Debug;
		};
		2DD7D2661FEB4D350034BEC3 /* Release */ = {
			isa = XCBuildConfiguration;
			buildSettings = {
				ALWAYS_SEARCH_USER_PATHS = NO;
				CLANG_ANALYZER_NONNULL = YES;
				CLANG_ANALYZER_NUMBER_OBJECT_CONVERSION = YES_AGGRESSIVE;
				CLANG_CXX_LANGUAGE_STANDARD = "gnu++14";
				CLANG_CXX_LIBRARY = "libc++";
				CLANG_ENABLE_MODULES = YES;
				CLANG_ENABLE_OBJC_ARC = YES;
				CLANG_WARN_BLOCK_CAPTURE_AUTORELEASING = YES;
				CLANG_WARN_BOOL_CONVERSION = YES;
				CLANG_WARN_COMMA = YES;
				CLANG_WARN_CONSTANT_CONVERSION = YES;
				CLANG_WARN_DIRECT_OBJC_ISA_USAGE = YES_ERROR;
				CLANG_WARN_DOCUMENTATION_COMMENTS = YES;
				CLANG_WARN_EMPTY_BODY = YES;
				CLANG_WARN_ENUM_CONVERSION = YES;
				CLANG_WARN_INFINITE_RECURSION = YES;
				CLANG_WARN_INT_CONVERSION = YES;
				CLANG_WARN_NON_LITERAL_NULL_CONVERSION = YES;
				CLANG_WARN_OBJC_LITERAL_CONVERSION = YES;
				CLANG_WARN_OBJC_ROOT_CLASS = YES_ERROR;
				CLANG_WARN_RANGE_LOOP_ANALYSIS = YES;
				CLANG_WARN_STRICT_PROTOTYPES = NO;
				CLANG_WARN_SUSPICIOUS_MOVE = YES;
				CLANG_WARN_UNGUARDED_AVAILABILITY = YES_AGGRESSIVE;
				CLANG_WARN_UNREACHABLE_CODE = YES;
				CLANG_WARN__DUPLICATE_METHOD_MATCH = YES;
				CODE_SIGN_IDENTITY = "iPhone Developer";
				COPY_PHASE_STRIP = NO;
				DEBUG_INFORMATION_FORMAT = "dwarf-with-dsym";
				ENABLE_NS_ASSERTIONS = NO;
				ENABLE_STRICT_OBJC_MSGSEND = YES;
				GCC_C_LANGUAGE_STANDARD = gnu11;
				GCC_NO_COMMON_BLOCKS = YES;
				GCC_WARN_64_TO_32_BIT_CONVERSION = YES;
				GCC_WARN_ABOUT_RETURN_TYPE = YES_ERROR;
				GCC_WARN_UNDECLARED_SELECTOR = YES;
				GCC_WARN_UNINITIALIZED_AUTOS = YES_AGGRESSIVE;
				GCC_WARN_UNUSED_FUNCTION = YES;
				GCC_WARN_UNUSED_VARIABLE = YES;
				IPHONEOS_DEPLOYMENT_TARGET = 11.2;
				MTL_ENABLE_DEBUG_INFO = NO;
				SDKROOT = iphoneos;
				SWIFT_OPTIMIZATION_LEVEL = "-Owholemodule";
				VALIDATE_PRODUCT = YES;
			};
			name = Release;
		};
		2DD7D2681FEB4D350034BEC3 /* Debug */ = {
			isa = XCBuildConfiguration;
			baseConfigurationReference = C78C9314A46B42F24A7AF93C /* Pods-QiChat.debug.xcconfig */;
			buildSettings = {
				ASSETCATALOG_COMPILER_APPICON_NAME = AppIcon;
				CLANG_WARN_STRICT_PROTOTYPES = NO;
				"CODE_SIGN_IDENTITY[sdk=iphoneos*]" = "iPhone Developer";
				CODE_SIGN_STYLE = Automatic;
				DEVELOPMENT_TEAM = VQMT58UFF2;
				INFOPLIST_FILE = QiChat/Info.plist;
				LD_RUNPATH_SEARCH_PATHS = "$(inherited) @executable_path/Frameworks";
				PRODUCT_BUNDLE_IDENTIFIER = DreamPacers.QiChatTest;
				PRODUCT_NAME = "$(TARGET_NAME)";
				PROVISIONING_PROFILE_SPECIFIER = "";
				SWIFT_VERSION = 4.0;
				TARGETED_DEVICE_FAMILY = "1,2";
			};
			name = Debug;
		};
		2DD7D2691FEB4D350034BEC3 /* Release */ = {
			isa = XCBuildConfiguration;
			baseConfigurationReference = 2AE64427D1D393C7E754701C /* Pods-QiChat.release.xcconfig */;
			buildSettings = {
				ASSETCATALOG_COMPILER_APPICON_NAME = AppIcon;
				CLANG_WARN_STRICT_PROTOTYPES = NO;
				"CODE_SIGN_IDENTITY[sdk=iphoneos*]" = "iPhone Developer";
				CODE_SIGN_STYLE = Automatic;
				DEVELOPMENT_TEAM = VQMT58UFF2;
				INFOPLIST_FILE = QiChat/Info.plist;
				LD_RUNPATH_SEARCH_PATHS = "$(inherited) @executable_path/Frameworks";
				PRODUCT_BUNDLE_IDENTIFIER = DreamPacers.QiChatTest;
				PRODUCT_NAME = "$(TARGET_NAME)";
				PROVISIONING_PROFILE_SPECIFIER = "";
				SWIFT_VERSION = 4.0;
				TARGETED_DEVICE_FAMILY = "1,2";
			};
			name = Release;
		};
		2DD7D26B1FEB4D350034BEC3 /* Debug */ = {
			isa = XCBuildConfiguration;
			baseConfigurationReference = 96B6616D598D8FE198E6967B /* Pods-QiChatTests.debug.xcconfig */;
			buildSettings = {
				ALWAYS_EMBED_SWIFT_STANDARD_LIBRARIES = YES;
				BUNDLE_LOADER = "$(TEST_HOST)";
				CODE_SIGN_STYLE = Automatic;
				DEVELOPMENT_TEAM = 25QF696XS8;
				INFOPLIST_FILE = QiChatTests/Info.plist;
				LD_RUNPATH_SEARCH_PATHS = "$(inherited) @executable_path/Frameworks @loader_path/Frameworks";
				PRODUCT_BUNDLE_IDENTIFIER = DreamPacers.QiChatTests;
				PRODUCT_NAME = "$(TARGET_NAME)";
				SWIFT_VERSION = 4.0;
				TARGETED_DEVICE_FAMILY = "1,2";
				TEST_HOST = "$(BUILT_PRODUCTS_DIR)/QiChat.app/QiChat";
			};
			name = Debug;
		};
		2DD7D26C1FEB4D350034BEC3 /* Release */ = {
			isa = XCBuildConfiguration;
			baseConfigurationReference = 2C28B1F0E752F872D5C54171 /* Pods-QiChatTests.release.xcconfig */;
			buildSettings = {
				ALWAYS_EMBED_SWIFT_STANDARD_LIBRARIES = YES;
				BUNDLE_LOADER = "$(TEST_HOST)";
				CODE_SIGN_STYLE = Automatic;
				DEVELOPMENT_TEAM = 25QF696XS8;
				INFOPLIST_FILE = QiChatTests/Info.plist;
				LD_RUNPATH_SEARCH_PATHS = "$(inherited) @executable_path/Frameworks @loader_path/Frameworks";
				PRODUCT_BUNDLE_IDENTIFIER = DreamPacers.QiChatTests;
				PRODUCT_NAME = "$(TARGET_NAME)";
				SWIFT_VERSION = 4.0;
				TARGETED_DEVICE_FAMILY = "1,2";
				TEST_HOST = "$(BUILT_PRODUCTS_DIR)/QiChat.app/QiChat";
			};
			name = Release;
		};
		2DD7D26E1FEB4D350034BEC3 /* Debug */ = {
			isa = XCBuildConfiguration;
			baseConfigurationReference = EC0624139873612F23E05802 /* Pods-QiChatUITests.debug.xcconfig */;
			buildSettings = {
				ALWAYS_EMBED_SWIFT_STANDARD_LIBRARIES = YES;
				CODE_SIGN_STYLE = Automatic;
				DEVELOPMENT_TEAM = 25QF696XS8;
				INFOPLIST_FILE = QiChatUITests/Info.plist;
				LD_RUNPATH_SEARCH_PATHS = "$(inherited) @executable_path/Frameworks @loader_path/Frameworks";
				PRODUCT_BUNDLE_IDENTIFIER = DreamPacers.QiChatUITests;
				PRODUCT_NAME = "$(TARGET_NAME)";
				SWIFT_VERSION = 4.0;
				TARGETED_DEVICE_FAMILY = "1,2";
				TEST_TARGET_NAME = QiChat;
			};
			name = Debug;
		};
		2DD7D26F1FEB4D350034BEC3 /* Release */ = {
			isa = XCBuildConfiguration;
			baseConfigurationReference = 9FCAF4199E267FA663B3EEB8 /* Pods-QiChatUITests.release.xcconfig */;
			buildSettings = {
				ALWAYS_EMBED_SWIFT_STANDARD_LIBRARIES = YES;
				CODE_SIGN_STYLE = Automatic;
				DEVELOPMENT_TEAM = 25QF696XS8;
				INFOPLIST_FILE = QiChatUITests/Info.plist;
				LD_RUNPATH_SEARCH_PATHS = "$(inherited) @executable_path/Frameworks @loader_path/Frameworks";
				PRODUCT_BUNDLE_IDENTIFIER = DreamPacers.QiChatUITests;
				PRODUCT_NAME = "$(TARGET_NAME)";
				SWIFT_VERSION = 4.0;
				TARGETED_DEVICE_FAMILY = "1,2";
				TEST_TARGET_NAME = QiChat;
			};
			name = Release;
		};
/* End XCBuildConfiguration section */

/* Begin XCConfigurationList section */
		2DD7D23A1FEB4D350034BEC3 /* Build configuration list for PBXProject "QiChat" */ = {
			isa = XCConfigurationList;
			buildConfigurations = (
				2DD7D2651FEB4D350034BEC3 /* Debug */,
				2DD7D2661FEB4D350034BEC3 /* Release */,
			);
			defaultConfigurationIsVisible = 0;
			defaultConfigurationName = Release;
		};
		2DD7D2671FEB4D350034BEC3 /* Build configuration list for PBXNativeTarget "QiChat" */ = {
			isa = XCConfigurationList;
			buildConfigurations = (
				2DD7D2681FEB4D350034BEC3 /* Debug */,
				2DD7D2691FEB4D350034BEC3 /* Release */,
			);
			defaultConfigurationIsVisible = 0;
			defaultConfigurationName = Release;
		};
		2DD7D26A1FEB4D350034BEC3 /* Build configuration list for PBXNativeTarget "QiChatTests" */ = {
			isa = XCConfigurationList;
			buildConfigurations = (
				2DD7D26B1FEB4D350034BEC3 /* Debug */,
				2DD7D26C1FEB4D350034BEC3 /* Release */,
			);
			defaultConfigurationIsVisible = 0;
			defaultConfigurationName = Release;
		};
		2DD7D26D1FEB4D350034BEC3 /* Build configuration list for PBXNativeTarget "QiChatUITests" */ = {
			isa = XCConfigurationList;
			buildConfigurations = (
				2DD7D26E1FEB4D350034BEC3 /* Debug */,
				2DD7D26F1FEB4D350034BEC3 /* Release */,
			);
			defaultConfigurationIsVisible = 0;
			defaultConfigurationName = Release;
		};
/* End XCConfigurationList section */
	};
	rootObject = 2DD7D2371FEB4D350034BEC3 /* Project object */;
}
